// !$*UTF8*$!
{
	archiveVersion = 1;
	classes = {
	};
	objectVersion = 77;
	objects = {

/* Begin PBXBuildFile section */
		B6CF72D9BDD745ADA40632A4 /* LocalLinkServer.swift in Sources */ = {isa = PBXBuildFile; fileRef = 0B5E711511B74964A9A35B18 /* LocalLinkServer.swift */; };
		48394EBD12614ECDB4958E26 /* CloudKitLinkWriter.swift in Sources (Mac) */ = {isa = PBXBuildFile; fileRef = 5E6F708091A2B3C4D5E6F708 /* CloudKitLinkWriter.swift */; };
		02D548CD6FBF8D61C9A919E4 /* ReflectViewModel.swift in Sources */ = {isa = PBXBuildFile; fileRef = 1CDA3E54FDEF2BEF53809AB3 /* ReflectViewModel.swift */; };
		0395E0DD27E8DDF39E9D392B /* RootView.swift in Sources */ = {isa = PBXBuildFile; fileRef = A693417E50D769C81214D035 /* RootView.swift */; };
		0C8B04F60CFD5F9C87119FDC /* DigestView.swift in Sources */ = {isa = PBXBuildFile; fileRef = E5125754A6D578D4450448D7 /* DigestView.swift */; };
		14227B6AA8EE2CB4E66F9ED6 /* HealthKitService.swift in Sources */ = {isa = PBXBuildFile; fileRef = EAE7C10DD9151ABD41669978 /* HealthKitService.swift */; };
		1782A297D110963CC879CEF7 /* ReadingDay.swift in Sources */ = {isa = PBXBuildFile; fileRef = 1FB7BE8457A65678C63AA04B /* ReadingDay.swift */; };
		1A8F7B7E1F4EF583D9485183 /* IntelligenceService.swift in Sources */ = {isa = PBXBuildFile; fileRef = BD6345AF40A371C990B21023 /* IntelligenceService.swift */; };
		1C448A5D24E0C4831874A024 /* ReaderTheme.swift in Sources */ = {isa = PBXBuildFile; fileRef = 53C8EBE71DB26F97014284EE /* ReaderTheme.swift */; };
		1D290063695771738CCDABD9 /* BrainView.swift in Sources */ = {isa = PBXBuildFile; fileRef = D92347D5631A1D698929B76D /* BrainView.swift */; };
		1EF4B07C3A097A2542059DCA /* PendingLinkStore.swift in Sources */ = {isa = PBXBuildFile; fileRef = 6DD402C01934293F01520002 /* PendingLinkStore.swift */; };
		2119EF3BB969328042B1E5D0 /* AdvancedSettingsView.swift in Sources */ = {isa = PBXBuildFile; fileRef = DCC0875E0972DDA6FEB44DC6 /* AdvancedSettingsView.swift */; };
		21895490218BF022A57FC87C /* FeedURLNormaliserTests.swift in Sources */ = {isa = PBXBuildFile; fileRef = 6538DB5CEF01AC21F501806B /* FeedURLNormaliserTests.swift */; };
		2344727D36DCEF1C39989C66 /* LinkCard.swift in Sources */ = {isa = PBXBuildFile; fileRef = 46A719D305320A1D2B22BA50 /* LinkCard.swift */; };
		24271D2A9FCFC50049035718 /* FeedsView.swift in Sources */ = {isa = PBXBuildFile; fileRef = 9D55C543A6A1CB887D6732BF /* FeedsView.swift */; };
		25AC66CE65822836CC940ED8 /* BrainViewModel.swift in Sources */ = {isa = PBXBuildFile; fileRef = F6AF1AE1D1C4D873D7C71069 /* BrainViewModel.swift */; };
		286F5A0E2A4A563D35F90F73 /* CountdownRing.swift in Sources */ = {isa = PBXBuildFile; fileRef = A42F62308F8EC6615789E6A4 /* CountdownRing.swift */; };
		29F8953C9E0FD4BFF3F6CD16 /* newsletters.json in Resources */ = {isa = PBXBuildFile; fileRef = EFA606DC043A9F40ABDA855B /* newsletters.json */; };
		2CF7EF3D506F406957F66652 /* ActivityRingsCard.swift in Sources */ = {isa = PBXBuildFile; fileRef = 6C0B2EC65BB2A2B2D76A9BFC /* ActivityRingsCard.swift */; };
		396883A5AA13673C085CC364 /* RSSFeed.swift in Sources */ = {isa = PBXBuildFile; fileRef = EE22AF6BA2593A1F3AE13771 /* RSSFeed.swift */; };
		3ACEAFFF075978728EE7EB65 /* ActivityHeatmapView.swift in Sources */ = {isa = PBXBuildFile; fileRef = F03967B1DE7F120DA0E80009 /* ActivityHeatmapView.swift */; };
		3E92CF441373D20D1C8E3FDD /* StreakEngine.swift in Sources */ = {isa = PBXBuildFile; fileRef = CF8F2E5BD9B19E85484537FE /* StreakEngine.swift */; };
		4B13C26BA23068BA674FDD03 /* RSSArticle.swift in Sources */ = {isa = PBXBuildFile; fileRef = C6EA6D6C5E383E851F31F032 /* RSSArticle.swift */; };
		4C1A6B819ABEFFE115144AA6 /* MacLinkReceiver.swift in Sources */ = {isa = PBXBuildFile; fileRef = 240FD0EB3E88A4A61B488C25 /* MacLinkReceiver.swift */; };
		4F23D3C312836C8F05217A06 /* NewsletterDirectoryView.swift in Sources */ = {isa = PBXBuildFile; fileRef = E90154528A49086081972846 /* NewsletterDirectoryView.swift */; };
		5200F218FCDCDE23A0BFB0A5 /* Assets.xcassets in Resources */ = {isa = PBXBuildFile; fileRef = F138A6A626CF6CF070B7A67E /* Assets.xcassets */; };
		55A0A2EBE317C3AC1EF10C03 /* JustEllipsisShareExtension.appex in Embed Foundation Extensions */ = {isa = PBXBuildFile; fileRef = 75D8257CDF48B7EF4F56B2AD /* JustEllipsisShareExtension.appex */; settings = {ATTRIBUTES = (RemoveHeadersOnCopy, ); }; };
		56DE24619050B42942363268 /* ContentFetcher.swift in Sources */ = {isa = PBXBuildFile; fileRef = C30BE16C57FF36029D3185B1 /* ContentFetcher.swift */; };
		630F914959F3D4838F912C44 /* JSRenderer.swift in Sources */ = {isa = PBXBuildFile; fileRef = 3B9D7E057E235E52465D0592 /* JSRenderer.swift */; };
		65711DC2473F1F82A0964326 /* StreakHeader.swift in Sources */ = {isa = PBXBuildFile; fileRef = CC480E509A335B23D95C2896 /* StreakHeader.swift */; };
		688CEC6AED164C8E57D6F3F7 /* WebFeedScraper.swift in Sources */ = {isa = PBXBuildFile; fileRef = F971C6F6E981C20C719708AC /* WebFeedScraper.swift */; };
		6BE477B9B2D7D5CA9D0D6EFB /* ActivityChart.swift in Sources */ = {isa = PBXBuildFile; fileRef = 47BE1C9EB59A42E35267C8A4 /* ActivityChart.swift */; };
		6DAD153E9CF0CBA528E1C44D /* NightModeService.swift in Sources */ = {isa = PBXBuildFile; fileRef = B483A2F8D19AD3FE8FC7382B /* NightModeService.swift */; };
		6EABD4077863C185AED53BE3 /* FeedKit in Frameworks */ = {isa = PBXBuildFile; productRef = 92B21AB1AB3467409DA79854 /* FeedKit */; };
		6F55A95F2635E6E07C126DC7 /* ContentFetcherTests.swift in Sources */ = {isa = PBXBuildFile; fileRef = 3C6A6E0587BA65D5B8747888 /* ContentFetcherTests.swift */; };
		7032B03292C0899EC0EAC305 /* RSSFeed.swift in Sources */ = {isa = PBXBuildFile; fileRef = EE22AF6BA2593A1F3AE13771 /* RSSFeed.swift */; };
		71051F154C5F1E8E4C32F3A8 /* ReaderViewModel.swift in Sources */ = {isa = PBXBuildFile; fileRef = 3BEAC72937607C4664F84FDA /* ReaderViewModel.swift */; };
		71E142A7D93F5DE88AF64BF2 /* GradingProgressTracker.swift in Sources */ = {isa = PBXBuildFile; fileRef = 420304C73D3C2F1BA89FB9AE /* GradingProgressTracker.swift */; };
		743293124B7106E74EA6C0BC /* FeedDetailView.swift in Sources */ = {isa = PBXBuildFile; fileRef = 5DAE9F4B42AFCFBD95276C19 /* FeedDetailView.swift */; };
		77F8A704F081AFC3671D2168 /* ReflectView.swift in Sources */ = {isa = PBXBuildFile; fileRef = F232598215B53DB59A71324A /* ReflectView.swift */; };
		78CA24460077DABBF1C0A10A /* BrainOrb.swift in Sources */ = {isa = PBXBuildFile; fileRef = E4B0F8A38AFAB9049D081222 /* BrainOrb.swift */; };
		7C28C1742A5A65634AE19449 /* SettingsView.swift in Sources */ = {isa = PBXBuildFile; fileRef = A4958A7DF6F86097742050CA /* SettingsView.swift */; };
		7ED49FF7C07BFE3CB2929B46 /* ReadingDay.swift in Sources */ = {isa = PBXBuildFile; fileRef = 1FB7BE8457A65678C63AA04B /* ReadingDay.swift */; };
		8091A2B3C4D5E6F708091A2B /* JustEllipsisMacApp.swift in Sources */ = {isa = PBXBuildFile; fileRef = 1A2B3C4D5E6F708091A2B3C4 /* JustEllipsisMacApp.swift */; };
		821C353335D750223B46E2EB /* AddNewsletterSheet.swift in Sources */ = {isa = PBXBuildFile; fileRef = 009692EBB88923F7C0949123 /* AddNewsletterSheet.swift */; };
		831B79B47E2B36ADC1588AE7 /* BrainEntry.swift in Sources */ = {isa = PBXBuildFile; fileRef = F8881FBE57095A67C1C24497 /* BrainEntry.swift */; };
		854D7EA7959D1FE45A36171E /* HomeView.swift in Sources */ = {isa = PBXBuildFile; fileRef = 711256DA53620D4C746AC36F /* HomeView.swift */; };
		85E502CAF98B8EBE370D5E7B /* CloudSyncService.swift in Sources */ = {isa = PBXBuildFile; fileRef = 84722707AA336D1073651EEF /* CloudSyncService.swift */; };
		864F3C0E8B0F3F5097EC15B4 /* ShareViewController.swift in Sources */ = {isa = PBXBuildFile; fileRef = 2D03466EC4C3263BF1837381 /* ShareViewController.swift */; };
		8E1BE92B94CA4B8994C63448 /* JustEllipsisApp.swift in Sources */ = {isa = PBXBuildFile; fileRef = 9D4D5D0A4506AEBE3AD5EE60 /* JustEllipsisApp.swift */; };
		91A2B3C4D5E6F708091A2B3C /* SafariWebExtensionHandler.swift in Sources */ = {isa = PBXBuildFile; fileRef = 4D5E6F708091A2B3C4D5E6F7 /* SafariWebExtensionHandler.swift */; };
		942874AC49D2F0E3D0996F97 /* PendingLinkStore.swift in Sources */ = {isa = PBXBuildFile; fileRef = 6DD402C01934293F01520002 /* PendingLinkStore.swift */; };
		949A68996476CD7276C0382C /* AddLinkView.swift in Sources */ = {isa = PBXBuildFile; fileRef = BDA108705DC55D44129CFA2E /* AddLinkView.swift */; };
		963D9D1916E2123D1DABC838 /* QueuedLink.swift in Sources */ = {isa = PBXBuildFile; fileRef = E3FFDB49A234476554B1FE83 /* QueuedLink.swift */; };
		9849593C087887E7D973C4C3 /* OnboardingView.swift in Sources */ = {isa = PBXBuildFile; fileRef = EC9E572634F88976268D3AB9 /* OnboardingView.swift */; };
		A1B2C3D4E5F601020304A1F6 /* JustEllipsisSafariExtension.appex in Embed Safari Extension */ = {isa = PBXBuildFile; fileRef = E8047D135DF521BF6F514C1C /* JustEllipsisSafariExtension.appex */; settings = {ATTRIBUTES = (RemoveHeadersOnCopy, ); }; };
		A2B143A00787D4144D1E41B7 /* PrefetchService.swift in Sources */ = {isa = PBXBuildFile; fileRef = 2E682902D7E4F05A13644A84 /* PrefetchService.swift */; };
		A2B3C4D5E6F708091A2B3C4D /* CloudKitLinkWriter.swift in Sources */ = {isa = PBXBuildFile; fileRef = 5E6F708091A2B3C4D5E6F708 /* CloudKitLinkWriter.swift */; };
		A683565502BA61332A25F23B /* BrainEngineTests.swift in Sources */ = {isa = PBXBuildFile; fileRef = E5FFE2DFE392AFFCF9E68E21 /* BrainEngineTests.swift */; };
		AB60A86711520B76E110A37A /* AppRouter.swift in Sources */ = {isa = PBXBuildFile; fileRef = 5FB525487287C343A913E2DB /* AppRouter.swift */; };
		ADEF75807293AFD73AACF68E /* ReaderView.swift in Sources */ = {isa = PBXBuildFile; fileRef = 646F64DBC62E5B05B45AC067 /* ReaderView.swift */; };
		B0045FAF553CEDA8423AA3B7 /* FeedURLNormaliser.swift in Sources */ = {isa = PBXBuildFile; fileRef = 9CCE38775A8F19539D1A2868 /* FeedURLNormaliser.swift */; };
		B2F38D292704272C04A106AC /* AppTheme.swift in Sources */ = {isa = PBXBuildFile; fileRef = 369CC02046EDB9D512264A8B /* AppTheme.swift */; };
		B43E03B1C0A0D1822A6608A7 /* HealthKit.framework in Frameworks */ = {isa = PBXBuildFile; fileRef = 6667CA38F715F033FCC42F4C /* HealthKit.framework */; };
		B564A9798D0457D85A3D73AE /* BrainEntry.swift in Sources */ = {isa = PBXBuildFile; fileRef = F8881FBE57095A67C1C24497 /* BrainEntry.swift */; };
		B89A122322A35304859319F6 /* AddLinkIntent.swift in Sources */ = {isa = PBXBuildFile; fileRef = 3DC7AB214F7101A8578E22F9 /* AddLinkIntent.swift */; };
		BA81D77627C4EC391E22F535 /* RSSFetchService.swift in Sources */ = {isa = PBXBuildFile; fileRef = 00575A0AFABA6946B5C9DC29 /* RSSFetchService.swift */; };
		C5758CD9E02EA13965072A09 /* FeedDirectoryView.swift in Sources */ = {isa = PBXBuildFile; fileRef = 0C9667F64E5204B686724BC6 /* FeedDirectoryView.swift */; };
		C57D850E136EA2F6017B58BB /* GradeDots.swift in Sources */ = {isa = PBXBuildFile; fileRef = E99A34628404DFACDBB556C2 /* GradeDots.swift */; };
		C5E3510BA0839FE572FE05A4 /* ShareFeedbackView.swift in Sources */ = {isa = PBXBuildFile; fileRef = AC763198DE4280198397A77F /* ShareFeedbackView.swift */; };
		CB82B521C89B60A2D64CF6E5 /* FaviconView.swift in Sources */ = {isa = PBXBuildFile; fileRef = A73E845D1BE786825396BF8C /* FaviconView.swift */; };
		CC99FBCD2E1EA422F4EC7E0D /* StreakEngineTests.swift in Sources */ = {isa = PBXBuildFile; fileRef = 11AE5C5717F000BAA5316264 /* StreakEngineTests.swift */; };
		CD21E42FF24671E4C93487BC /* PipelineProgressTracker.swift in Sources */ = {isa = PBXBuildFile; fileRef = 351C38A4FECDC4002E1EF444 /* PipelineProgressTracker.swift */; };
		D18D47D2806EA6F6B2EB83B7 /* QueuedLink.swift in Sources */ = {isa = PBXBuildFile; fileRef = E3FFDB49A234476554B1FE83 /* QueuedLink.swift */; };
		D4CB0E2F1FCAE03A82BA00AE /* RSSRecommendationEngine.swift in Sources */ = {isa = PBXBuildFile; fileRef = 94BE4B4155F6D56546DADA87 /* RSSRecommendationEngine.swift */; };
		D5E6F708091A2B3C4D5E6F70 /* Resources in Resources */ = {isa = PBXBuildFile; fileRef = C4D5E6F708091A2B3C4D5E6F /* Resources */; };
		D5F69207DA6F30C45588E618 /* NotificationScheduler.swift in Sources */ = {isa = PBXBuildFile; fileRef = F29BA69FF127357A44A4D22D /* NotificationScheduler.swift */; };
		D89468FBE0FFDD4EB0D92C67 /* ReaderWebView.swift in Sources */ = {isa = PBXBuildFile; fileRef = EA5C02AC5A4F31E6EE858712 /* ReaderWebView.swift */; };
		D8DF3954E0CB01D122E87439 /* feeds.json in Resources */ = {isa = PBXBuildFile; fileRef = DEB0F696771B8EDE0D4FC2B2 /* feeds.json */; };
		DC1C00786384C622E0CE99DD /* LinkPromotionActor.swift in Sources */ = {isa = PBXBuildFile; fileRef = 14DCBD1976FCFFE41FE1C4B9 /* LinkPromotionActor.swift */; };
		DF47C19BEF474C1C7B732E11 /* Date+RelativeShort.swift in Sources */ = {isa = PBXBuildFile; fileRef = 15F2C68064C12A47B02C21E2 /* Date+RelativeShort.swift */; };
		E2EB2EA9151BA6D2E9C5700B /* BrainEngine.swift in Sources */ = {isa = PBXBuildFile; fileRef = 9E031427BDE66D20C2190203 /* BrainEngine.swift */; };
		E4C64FB18B12689A4A2873F7 /* BrainDietPanel.swift in Sources */ = {isa = PBXBuildFile; fileRef = 8E01C072C66A485762BAC5A3 /* BrainDietPanel.swift */; };
		E4D7316ADD83A178426C23B6 /* SwiftSoup in Frameworks */ = {isa = PBXBuildFile; productRef = F70788F7020E27CA19E61A12 /* SwiftSoup */; };
		E5EE934B550AB6F6E15D6AE8 /* RereadView.swift in Sources */ = {isa = PBXBuildFile; fileRef = 1F314B2513A0B75D17496E9C /* RereadView.swift */; };
		F167F9B4C6EB23363E004A1A /* ArticleQualityGrade.swift in Sources */ = {isa = PBXBuildFile; fileRef = 21D9A172B3F2166183D4F058 /* ArticleQualityGrade.swift */; };
/* End PBXBuildFile section */

/* Begin PBXContainerItemProxy section */
		0E44B30CBFA231D372F8AD75 /* PBXContainerItemProxy */ = {
			isa = PBXContainerItemProxy;
			containerPortal = 719776280667C2E356BAA398 /* Project object */;
			proxyType = 1;
			remoteGlobalIDString = D3EE85D07B7FF6B86B1F1F22;
			remoteInfo = JustEllipsisSafariExtension;
		};
		3863781D27C4D8A4B12F40F5 /* PBXContainerItemProxy */ = {
			isa = PBXContainerItemProxy;
			containerPortal = 719776280667C2E356BAA398 /* Project object */;
			proxyType = 1;
			remoteGlobalIDString = 0B22B2BD222A2112071A54FE;
			remoteInfo = JustEllipsis;
		};
		922AEE6E56E4DAB54517A517 /* PBXContainerItemProxy */ = {
			isa = PBXContainerItemProxy;
			containerPortal = 719776280667C2E356BAA398 /* Project object */;
			proxyType = 1;
			remoteGlobalIDString = 16DBE1A265CA7C974E3E08D0;
			remoteInfo = JustEllipsisShareExtension;
		};
/* End PBXContainerItemProxy section */

/* Begin PBXCopyFilesBuildPhase section */
		ACE8D8BA6DAF88C5018FE011 /* Embed Safari Extension */ = {
			isa = PBXCopyFilesBuildPhase;
			buildActionMask = 2147483647;
			dstPath = "";
			dstSubfolderSpec = 13;
			files = (
				A1B2C3D4E5F601020304A1F6 /* JustEllipsisSafariExtension.appex in Embed Safari Extension */,
			);
			name = "Embed Safari Extension";
			runOnlyForDeploymentPostprocessing = 0;
		};
		F4536CCB4DB8274930CB72B8 /* Embed Foundation Extensions */ = {
			isa = PBXCopyFilesBuildPhase;
			buildActionMask = 2147483647;
			dstPath = "";
			dstSubfolderSpec = 13;
			files = (
				55A0A2EBE317C3AC1EF10C03 /* JustEllipsisShareExtension.appex in Embed Foundation Extensions */,
			);
			name = "Embed Foundation Extensions";
			runOnlyForDeploymentPostprocessing = 0;
		};
/* End PBXCopyFilesBuildPhase section */

/* Begin PBXFileReference section */
		00575A0AFABA6946B5C9DC29 /* RSSFetchService.swift */ = {isa = PBXFileReference; lastKnownFileType = sourcecode.swift; path = RSSFetchService.swift; sourceTree = "<group>"; };
		009692EBB88923F7C0949123 /* AddNewsletterSheet.swift */ = {isa = PBXFileReference; lastKnownFileType = sourcecode.swift; path = AddNewsletterSheet.swift; sourceTree = "<group>"; };
		0BF00220CD317D19590E03E1 /* JustEllipsisShareExtension.entitlements */ = {isa = PBXFileReference; lastKnownFileType = text.plist.entitlements; path = JustEllipsisShareExtension.entitlements; sourceTree = "<group>"; };
		0C9667F64E5204B686724BC6 /* FeedDirectoryView.swift */ = {isa = PBXFileReference; lastKnownFileType = sourcecode.swift; path = FeedDirectoryView.swift; sourceTree = "<group>"; };
		11AE5C5717F000BAA5316264 /* StreakEngineTests.swift */ = {isa = PBXFileReference; lastKnownFileType = sourcecode.swift; path = StreakEngineTests.swift; sourceTree = "<group>"; };
		14DCBD1976FCFFE41FE1C4B9 /* LinkPromotionActor.swift */ = {isa = PBXFileReference; lastKnownFileType = sourcecode.swift; path = LinkPromotionActor.swift; sourceTree = "<group>"; };
		15F2C68064C12A47B02C21E2 /* Date+RelativeShort.swift */ = {isa = PBXFileReference; lastKnownFileType = sourcecode.swift; path = "Date+RelativeShort.swift"; sourceTree = "<group>"; };
		0B5E711511B74964A9A35B18 /* LocalLinkServer.swift */ = {isa = PBXFileReference; lastKnownFileType = sourcecode.swift; path = LocalLinkServer.swift; sourceTree = "<group>"; };
		1A2B3C4D5E6F708091A2B3C4 /* JustEllipsisMacApp.swift */ = {isa = PBXFileReference; lastKnownFileType = sourcecode.swift; path = JustEllipsisMacApp.swift; sourceTree = "<group>"; };
		1CDA3E54FDEF2BEF53809AB3 /* ReflectViewModel.swift */ = {isa = PBXFileReference; lastKnownFileType = sourcecode.swift; path = ReflectViewModel.swift; sourceTree = "<group>"; };
		1F314B2513A0B75D17496E9C /* RereadView.swift */ = {isa = PBXFileReference; lastKnownFileType = sourcecode.swift; path = RereadView.swift; sourceTree = "<group>"; };
		1FB7BE8457A65678C63AA04B /* ReadingDay.swift */ = {isa = PBXFileReference; lastKnownFileType = sourcecode.swift; path = ReadingDay.swift; sourceTree = "<group>"; };
		21D9A172B3F2166183D4F058 /* ArticleQualityGrade.swift */ = {isa = PBXFileReference; lastKnownFileType = sourcecode.swift; path = ArticleQualityGrade.swift; sourceTree = "<group>"; };
		240FD0EB3E88A4A61B488C25 /* MacLinkReceiver.swift */ = {isa = PBXFileReference; lastKnownFileType = sourcecode.swift; path = MacLinkReceiver.swift; sourceTree = "<group>"; };
		2582F111A71090C5631859A3 /* Info.plist */ = {isa = PBXFileReference; lastKnownFileType = text.plist; path = Info.plist; sourceTree = "<group>"; };
		2B3C4D5E6F708091A2B3C4D5 /* JustEllipsisMac.entitlements */ = {isa = PBXFileReference; lastKnownFileType = text.plist.entitlements; path = JustEllipsisMac.entitlements; sourceTree = "<group>"; };
		2D03466EC4C3263BF1837381 /* ShareViewController.swift */ = {isa = PBXFileReference; lastKnownFileType = sourcecode.swift; path = ShareViewController.swift; sourceTree = "<group>"; };
		2E682902D7E4F05A13644A84 /* PrefetchService.swift */ = {isa = PBXFileReference; lastKnownFileType = sourcecode.swift; path = PrefetchService.swift; sourceTree = "<group>"; };
		351C38A4FECDC4002E1EF444 /* PipelineProgressTracker.swift */ = {isa = PBXFileReference; lastKnownFileType = sourcecode.swift; path = PipelineProgressTracker.swift; sourceTree = "<group>"; };
		35DB4FAAA6A760D8AF494E21 /* JustEllipsis.app */ = {isa = PBXFileReference; includeInIndex = 0; lastKnownFileType = wrapper.application; path = JustEllipsis.app; sourceTree = BUILT_PRODUCTS_DIR; };
		369CC02046EDB9D512264A8B /* AppTheme.swift */ = {isa = PBXFileReference; lastKnownFileType = sourcecode.swift; path = AppTheme.swift; sourceTree = "<group>"; };
		3B9D7E057E235E52465D0592 /* JSRenderer.swift */ = {isa = PBXFileReference; lastKnownFileType = sourcecode.swift; path = JSRenderer.swift; sourceTree = "<group>"; };
		3BEAC72937607C4664F84FDA /* ReaderViewModel.swift */ = {isa = PBXFileReference; lastKnownFileType = sourcecode.swift; path = ReaderViewModel.swift; sourceTree = "<group>"; };
		3C4D5E6F708091A2B3C4D5E6 /* Info.plist */ = {isa = PBXFileReference; lastKnownFileType = text.plist; path = Info.plist; sourceTree = "<group>"; };
		3C6A6E0587BA65D5B8747888 /* ContentFetcherTests.swift */ = {isa = PBXFileReference; lastKnownFileType = sourcecode.swift; path = ContentFetcherTests.swift; sourceTree = "<group>"; };
		3DC7AB214F7101A8578E22F9 /* AddLinkIntent.swift */ = {isa = PBXFileReference; lastKnownFileType = sourcecode.swift; path = AddLinkIntent.swift; sourceTree = "<group>"; };
		420304C73D3C2F1BA89FB9AE /* GradingProgressTracker.swift */ = {isa = PBXFileReference; lastKnownFileType = sourcecode.swift; path = GradingProgressTracker.swift; sourceTree = "<group>"; };
		46A719D305320A1D2B22BA50 /* LinkCard.swift */ = {isa = PBXFileReference; lastKnownFileType = sourcecode.swift; path = LinkCard.swift; sourceTree = "<group>"; };
		47BE1C9EB59A42E35267C8A4 /* ActivityChart.swift */ = {isa = PBXFileReference; lastKnownFileType = sourcecode.swift; path = ActivityChart.swift; sourceTree = "<group>"; };
		4D5E6F708091A2B3C4D5E6F7 /* SafariWebExtensionHandler.swift */ = {isa = PBXFileReference; lastKnownFileType = sourcecode.swift; path = SafariWebExtensionHandler.swift; sourceTree = "<group>"; };
		53C8EBE71DB26F97014284EE /* ReaderTheme.swift */ = {isa = PBXFileReference; lastKnownFileType = sourcecode.swift; path = ReaderTheme.swift; sourceTree = "<group>"; };
		5DAE9F4B42AFCFBD95276C19 /* FeedDetailView.swift */ = {isa = PBXFileReference; lastKnownFileType = sourcecode.swift; path = FeedDetailView.swift; sourceTree = "<group>"; };
		5E6F708091A2B3C4D5E6F708 /* CloudKitLinkWriter.swift */ = {isa = PBXFileReference; lastKnownFileType = sourcecode.swift; path = CloudKitLinkWriter.swift; sourceTree = "<group>"; };
		5FB525487287C343A913E2DB /* AppRouter.swift */ = {isa = PBXFileReference; lastKnownFileType = sourcecode.swift; path = AppRouter.swift; sourceTree = "<group>"; };
		646F64DBC62E5B05B45AC067 /* ReaderView.swift */ = {isa = PBXFileReference; lastKnownFileType = sourcecode.swift; path = ReaderView.swift; sourceTree = "<group>"; };
		6538DB5CEF01AC21F501806B /* FeedURLNormaliserTests.swift */ = {isa = PBXFileReference; lastKnownFileType = sourcecode.swift; path = FeedURLNormaliserTests.swift; sourceTree = "<group>"; };
		6667CA38F715F033FCC42F4C /* HealthKit.framework */ = {isa = PBXFileReference; lastKnownFileType = wrapper.framework; name = HealthKit.framework; path = System/Library/Frameworks/HealthKit.framework; sourceTree = SDKROOT; };
		6C0B2EC65BB2A2B2D76A9BFC /* ActivityRingsCard.swift */ = {isa = PBXFileReference; lastKnownFileType = sourcecode.swift; path = ActivityRingsCard.swift; sourceTree = "<group>"; };
		6DD402C01934293F01520002 /* PendingLinkStore.swift */ = {isa = PBXFileReference; lastKnownFileType = sourcecode.swift; path = PendingLinkStore.swift; sourceTree = "<group>"; };
		6F708091A2B3C4D5E6F70809 /* JustEllipsisSafariExtension.entitlements */ = {isa = PBXFileReference; lastKnownFileType = text.plist.entitlements; path = JustEllipsisSafariExtension.entitlements; sourceTree = "<group>"; };
		708091A2B3C4D5E6F7080910 /* Info.plist */ = {isa = PBXFileReference; lastKnownFileType = text.plist; path = Info.plist; sourceTree = "<group>"; };
		711256DA53620D4C746AC36F /* HomeView.swift */ = {isa = PBXFileReference; lastKnownFileType = sourcecode.swift; path = HomeView.swift; sourceTree = "<group>"; };
		75D8257CDF48B7EF4F56B2AD /* JustEllipsisShareExtension.appex */ = {isa = PBXFileReference; includeInIndex = 0; lastKnownFileType = "wrapper.app-extension"; path = JustEllipsisShareExtension.appex; sourceTree = BUILT_PRODUCTS_DIR; };
		79111AB1E05BBF6590D197DA /* Info.plist */ = {isa = PBXFileReference; lastKnownFileType = text.plist; path = Info.plist; sourceTree = "<group>"; };
		80160876D84DBAF018BB717D /* Info.plist */ = {isa = PBXFileReference; lastKnownFileType = text.plist; path = Info.plist; sourceTree = "<group>"; };
		84722707AA336D1073651EEF /* CloudSyncService.swift */ = {isa = PBXFileReference; lastKnownFileType = sourcecode.swift; path = CloudSyncService.swift; sourceTree = "<group>"; };
		890A67E832D1369C020F0BFF /* JustEllipsisMac.app */ = {isa = PBXFileReference; explicitFileType = wrapper.application; includeInIndex = 0; path = JustEllipsisMac.app; sourceTree = BUILT_PRODUCTS_DIR; };
		8E01C072C66A485762BAC5A3 /* BrainDietPanel.swift */ = {isa = PBXFileReference; lastKnownFileType = sourcecode.swift; path = BrainDietPanel.swift; sourceTree = "<group>"; };
		8E5AAEF7100A0AE7B33ED92B /* JustEllipsisTests.xctest */ = {isa = PBXFileReference; includeInIndex = 0; lastKnownFileType = wrapper.cfbundle; path = JustEllipsisTests.xctest; sourceTree = BUILT_PRODUCTS_DIR; };
		94BE4B4155F6D56546DADA87 /* RSSRecommendationEngine.swift */ = {isa = PBXFileReference; lastKnownFileType = sourcecode.swift; path = RSSRecommendationEngine.swift; sourceTree = "<group>"; };
		9CCE38775A8F19539D1A2868 /* FeedURLNormaliser.swift */ = {isa = PBXFileReference; lastKnownFileType = sourcecode.swift; path = FeedURLNormaliser.swift; sourceTree = "<group>"; };
		9D4D5D0A4506AEBE3AD5EE60 /* JustEllipsisApp.swift */ = {isa = PBXFileReference; lastKnownFileType = sourcecode.swift; path = JustEllipsisApp.swift; sourceTree = "<group>"; };
		9D55C543A6A1CB887D6732BF /* FeedsView.swift */ = {isa = PBXFileReference; lastKnownFileType = sourcecode.swift; path = FeedsView.swift; sourceTree = "<group>"; };
		9E031427BDE66D20C2190203 /* BrainEngine.swift */ = {isa = PBXFileReference; lastKnownFileType = sourcecode.swift; path = BrainEngine.swift; sourceTree = "<group>"; };
		A42F62308F8EC6615789E6A4 /* CountdownRing.swift */ = {isa = PBXFileReference; lastKnownFileType = sourcecode.swift; path = CountdownRing.swift; sourceTree = "<group>"; };
		A4958A7DF6F86097742050CA /* SettingsView.swift */ = {isa = PBXFileReference; lastKnownFileType = sourcecode.swift; path = SettingsView.swift; sourceTree = "<group>"; };
		A693417E50D769C81214D035 /* RootView.swift */ = {isa = PBXFileReference; lastKnownFileType = sourcecode.swift; path = RootView.swift; sourceTree = "<group>"; };
		A73E845D1BE786825396BF8C /* FaviconView.swift */ = {isa = PBXFileReference; lastKnownFileType = sourcecode.swift; path = FaviconView.swift; sourceTree = "<group>"; };
		AC763198DE4280198397A77F /* ShareFeedbackView.swift */ = {isa = PBXFileReference; lastKnownFileType = sourcecode.swift; path = ShareFeedbackView.swift; sourceTree = "<group>"; };
		B483A2F8D19AD3FE8FC7382B /* NightModeService.swift */ = {isa = PBXFileReference; lastKnownFileType = sourcecode.swift; path = NightModeService.swift; sourceTree = "<group>"; };
		BD6345AF40A371C990B21023 /* IntelligenceService.swift */ = {isa = PBXFileReference; lastKnownFileType = sourcecode.swift; path = IntelligenceService.swift; sourceTree = "<group>"; };
		BDA108705DC55D44129CFA2E /* AddLinkView.swift */ = {isa = PBXFileReference; lastKnownFileType = sourcecode.swift; path = AddLinkView.swift; sourceTree = "<group>"; };
		C30BE16C57FF36029D3185B1 /* ContentFetcher.swift */ = {isa = PBXFileReference; lastKnownFileType = sourcecode.swift; path = ContentFetcher.swift; sourceTree = "<group>"; };
		C4D5E6F708091A2B3C4D5E6F /* Resources */ = {isa = PBXFileReference; lastKnownFileType = folder; path = Resources; sourceTree = "<group>"; };
		C6EA6D6C5E383E851F31F032 /* RSSArticle.swift */ = {isa = PBXFileReference; lastKnownFileType = sourcecode.swift; path = RSSArticle.swift; sourceTree = "<group>"; };
		CC480E509A335B23D95C2896 /* StreakHeader.swift */ = {isa = PBXFileReference; lastKnownFileType = sourcecode.swift; path = StreakHeader.swift; sourceTree = "<group>"; };
		CF8F2E5BD9B19E85484537FE /* StreakEngine.swift */ = {isa = PBXFileReference; lastKnownFileType = sourcecode.swift; path = StreakEngine.swift; sourceTree = "<group>"; };
		D92347D5631A1D698929B76D /* BrainView.swift */ = {isa = PBXFileReference; lastKnownFileType = sourcecode.swift; path = BrainView.swift; sourceTree = "<group>"; };
		DCC0875E0972DDA6FEB44DC6 /* AdvancedSettingsView.swift */ = {isa = PBXFileReference; lastKnownFileType = sourcecode.swift; path = AdvancedSettingsView.swift; sourceTree = "<group>"; };
		DEB0F696771B8EDE0D4FC2B2 /* feeds.json */ = {isa = PBXFileReference; lastKnownFileType = text.json; path = feeds.json; sourceTree = "<group>"; };
		E3FFDB49A234476554B1FE83 /* QueuedLink.swift */ = {isa = PBXFileReference; lastKnownFileType = sourcecode.swift; path = QueuedLink.swift; sourceTree = "<group>"; };
		E4B0F8A38AFAB9049D081222 /* BrainOrb.swift */ = {isa = PBXFileReference; lastKnownFileType = sourcecode.swift; path = BrainOrb.swift; sourceTree = "<group>"; };
		E5125754A6D578D4450448D7 /* DigestView.swift */ = {isa = PBXFileReference; lastKnownFileType = sourcecode.swift; path = DigestView.swift; sourceTree = "<group>"; };
		E5FFE2DFE392AFFCF9E68E21 /* BrainEngineTests.swift */ = {isa = PBXFileReference; lastKnownFileType = sourcecode.swift; path = BrainEngineTests.swift; sourceTree = "<group>"; };
		E8047D135DF521BF6F514C1C /* JustEllipsisSafariExtension.appex */ = {isa = PBXFileReference; explicitFileType = "wrapper.app-extension"; includeInIndex = 0; path = JustEllipsisSafariExtension.appex; sourceTree = BUILT_PRODUCTS_DIR; };
		E90154528A49086081972846 /* NewsletterDirectoryView.swift */ = {isa = PBXFileReference; lastKnownFileType = sourcecode.swift; path = NewsletterDirectoryView.swift; sourceTree = "<group>"; };
		E99A34628404DFACDBB556C2 /* GradeDots.swift */ = {isa = PBXFileReference; lastKnownFileType = sourcecode.swift; path = GradeDots.swift; sourceTree = "<group>"; };
		EA5C02AC5A4F31E6EE858712 /* ReaderWebView.swift */ = {isa = PBXFileReference; lastKnownFileType = sourcecode.swift; path = ReaderWebView.swift; sourceTree = "<group>"; };
		EAE7C10DD9151ABD41669978 /* HealthKitService.swift */ = {isa = PBXFileReference; lastKnownFileType = sourcecode.swift; path = HealthKitService.swift; sourceTree = "<group>"; };
		EC9E572634F88976268D3AB9 /* OnboardingView.swift */ = {isa = PBXFileReference; lastKnownFileType = sourcecode.swift; path = OnboardingView.swift; sourceTree = "<group>"; };
		ED7FFE6597C651A7C460DFB1 /* JustEllipsis.entitlements */ = {isa = PBXFileReference; lastKnownFileType = text.plist.entitlements; path = JustEllipsis.entitlements; sourceTree = "<group>"; };
		EE22AF6BA2593A1F3AE13771 /* RSSFeed.swift */ = {isa = PBXFileReference; lastKnownFileType = sourcecode.swift; path = RSSFeed.swift; sourceTree = "<group>"; };
		EFA606DC043A9F40ABDA855B /* newsletters.json */ = {isa = PBXFileReference; lastKnownFileType = text.json; path = newsletters.json; sourceTree = "<group>"; };
		F03967B1DE7F120DA0E80009 /* ActivityHeatmapView.swift */ = {isa = PBXFileReference; lastKnownFileType = sourcecode.swift; path = ActivityHeatmapView.swift; sourceTree = "<group>"; };
		F138A6A626CF6CF070B7A67E /* Assets.xcassets */ = {isa = PBXFileReference; lastKnownFileType = folder.assetcatalog; path = Assets.xcassets; sourceTree = "<group>"; };
		F232598215B53DB59A71324A /* ReflectView.swift */ = {isa = PBXFileReference; lastKnownFileType = sourcecode.swift; path = ReflectView.swift; sourceTree = "<group>"; };
		F29BA69FF127357A44A4D22D /* NotificationScheduler.swift */ = {isa = PBXFileReference; lastKnownFileType = sourcecode.swift; path = NotificationScheduler.swift; sourceTree = "<group>"; };
		F6AF1AE1D1C4D873D7C71069 /* BrainViewModel.swift */ = {isa = PBXFileReference; lastKnownFileType = sourcecode.swift; path = BrainViewModel.swift; sourceTree = "<group>"; };
		F8881FBE57095A67C1C24497 /* BrainEntry.swift */ = {isa = PBXFileReference; lastKnownFileType = sourcecode.swift; path = BrainEntry.swift; sourceTree = "<group>"; };
		F971C6F6E981C20C719708AC /* WebFeedScraper.swift */ = {isa = PBXFileReference; lastKnownFileType = sourcecode.swift; path = WebFeedScraper.swift; sourceTree = "<group>"; };
/* End PBXFileReference section */

/* Begin PBXFrameworksBuildPhase section */
		B3C4D5E6F708091A2B3C4D5E /* Frameworks */ = {
			isa = PBXFrameworksBuildPhase;
			buildActionMask = 2147483647;
			files = (
			);
			runOnlyForDeploymentPostprocessing = 0;
		};
		C1E347FA44472AE63F164780 /* Frameworks */ = {
			isa = PBXFrameworksBuildPhase;
			buildActionMask = 2147483647;
			files = (
				E4D7316ADD83A178426C23B6 /* SwiftSoup in Frameworks */,
				6EABD4077863C185AED53BE3 /* FeedKit in Frameworks */,
				B43E03B1C0A0D1822A6608A7 /* HealthKit.framework in Frameworks */,
			);
			runOnlyForDeploymentPostprocessing = 0;
		};
/* End PBXFrameworksBuildPhase section */

/* Begin PBXGroup section */
		00A27E9E2443676616BB4BD1 /* JustEllipsisTests */ = {
			isa = PBXGroup;
			children = (
				E5FFE2DFE392AFFCF9E68E21 /* BrainEngineTests.swift */,
				3C6A6E0587BA65D5B8747888 /* ContentFetcherTests.swift */,
				6538DB5CEF01AC21F501806B /* FeedURLNormaliserTests.swift */,
				79111AB1E05BBF6590D197DA /* Info.plist */,
				11AE5C5717F000BAA5316264 /* StreakEngineTests.swift */,
			);
			path = JustEllipsisTests;
			sourceTree = "<group>";
		};
		09052ACB65A733352A46C93F /* Products */ = {
			isa = PBXGroup;
			children = (
				35DB4FAAA6A760D8AF494E21 /* JustEllipsis.app */,
				75D8257CDF48B7EF4F56B2AD /* JustEllipsisShareExtension.appex */,
				8E5AAEF7100A0AE7B33ED92B /* JustEllipsisTests.xctest */,
				890A67E832D1369C020F0BFF /* JustEllipsisMac.app */,
				E8047D135DF521BF6F514C1C /* JustEllipsisSafariExtension.appex */,
			);
			name = Products;
			sourceTree = "<group>";
		};
		0CAA8BED2F81700F4AF24EA5 /* Services */ = {
			isa = PBXGroup;
			children = (
				9E031427BDE66D20C2190203 /* BrainEngine.swift */,
				84722707AA336D1073651EEF /* CloudSyncService.swift */,
				C30BE16C57FF36029D3185B1 /* ContentFetcher.swift */,
				9CCE38775A8F19539D1A2868 /* FeedURLNormaliser.swift */,
				EAE7C10DD9151ABD41669978 /* HealthKitService.swift */,
				BD6345AF40A371C990B21023 /* IntelligenceService.swift */,
				3B9D7E057E235E52465D0592 /* JSRenderer.swift */,
				14DCBD1976FCFFE41FE1C4B9 /* LinkPromotionActor.swift */,
				240FD0EB3E88A4A61B488C25 /* MacLinkReceiver.swift */,
				B483A2F8D19AD3FE8FC7382B /* NightModeService.swift */,
				F29BA69FF127357A44A4D22D /* NotificationScheduler.swift */,
				2E682902D7E4F05A13644A84 /* PrefetchService.swift */,
				00575A0AFABA6946B5C9DC29 /* RSSFetchService.swift */,
				94BE4B4155F6D56546DADA87 /* RSSRecommendationEngine.swift */,
				CF8F2E5BD9B19E85484537FE /* StreakEngine.swift */,
				F971C6F6E981C20C719708AC /* WebFeedScraper.swift */,
			);
			path = Services;
			sourceTree = "<group>";
		};
		32B5DDD82C4818F2088B88D6 = {
			isa = PBXGroup;
			children = (
				91899AD1B13D711403952D59 /* JustEllipsis */,
				D5FD1F14C7E7CDC97B936E02 /* JustEllipsisShareExtension */,
				00A27E9E2443676616BB4BD1 /* JustEllipsisTests */,
				D01443C8E42567BA7DFBEDC1 /* Shared */,
				E6F708091A2B3C4D5E6F7080 /* JustEllipsisMac */,
				F708091A2B3C4D5E6F708091 /* JustEllipsisSafariExtension */,
				A5273B2F7BAA49FCEBDC2D82 /* Frameworks */,
				09052ACB65A733352A46C93F /* Products */,
			);
			sourceTree = "<group>";
		};
		8CC770824E4E5DD65F9EC56C /* Models */ = {
			isa = PBXGroup;
			children = (
				21D9A172B3F2166183D4F058 /* ArticleQualityGrade.swift */,
				F8881FBE57095A67C1C24497 /* BrainEntry.swift */,
				E3FFDB49A234476554B1FE83 /* QueuedLink.swift */,
				53C8EBE71DB26F97014284EE /* ReaderTheme.swift */,
				1FB7BE8457A65678C63AA04B /* ReadingDay.swift */,
				C6EA6D6C5E383E851F31F032 /* RSSArticle.swift */,
				EE22AF6BA2593A1F3AE13771 /* RSSFeed.swift */,
			);
			path = Models;
			sourceTree = "<group>";
		};
		91899AD1B13D711403952D59 /* JustEllipsis */ = {
			isa = PBXGroup;
			children = (
				F138A6A626CF6CF070B7A67E /* Assets.xcassets */,
				80160876D84DBAF018BB717D /* Info.plist */,
				ED7FFE6597C651A7C460DFB1 /* JustEllipsis.entitlements */,
				C16C350B918C133AD38DE5C6 /* App */,
				B78A4D24EC4DD42C15221A6A /* Components */,
				FC428901B72727DBBE717F3C /* Extensions */,
				8CC770824E4E5DD65F9EC56C /* Models */,
				EDFB46DED7E1BEE4F3DDD295 /* Resources */,
				0CAA8BED2F81700F4AF24EA5 /* Services */,
				B7B678AC34C133454B34C861 /* ViewModels */,
				A94777B86EDA9F6FC9C0C836 /* Views */,
			);
			path = JustEllipsis;
			sourceTree = "<group>";
		};
		A5273B2F7BAA49FCEBDC2D82 /* Frameworks */ = {
			isa = PBXGroup;
			children = (
				6667CA38F715F033FCC42F4C /* HealthKit.framework */,
			);
			name = Frameworks;
			sourceTree = "<group>";
		};
		A94777B86EDA9F6FC9C0C836 /* Views */ = {
			isa = PBXGroup;
			children = (
				BDA108705DC55D44129CFA2E /* AddLinkView.swift */,
				009692EBB88923F7C0949123 /* AddNewsletterSheet.swift */,
				DCC0875E0972DDA6FEB44DC6 /* AdvancedSettingsView.swift */,
				D92347D5631A1D698929B76D /* BrainView.swift */,
				E5125754A6D578D4450448D7 /* DigestView.swift */,
				5DAE9F4B42AFCFBD95276C19 /* FeedDetailView.swift */,
				0C9667F64E5204B686724BC6 /* FeedDirectoryView.swift */,
				9D55C543A6A1CB887D6732BF /* FeedsView.swift */,
				711256DA53620D4C746AC36F /* HomeView.swift */,
				E90154528A49086081972846 /* NewsletterDirectoryView.swift */,
				EC9E572634F88976268D3AB9 /* OnboardingView.swift */,
				646F64DBC62E5B05B45AC067 /* ReaderView.swift */,
				F232598215B53DB59A71324A /* ReflectView.swift */,
				1F314B2513A0B75D17496E9C /* RereadView.swift */,
				A693417E50D769C81214D035 /* RootView.swift */,
				A4958A7DF6F86097742050CA /* SettingsView.swift */,
			);
			path = Views;
			sourceTree = "<group>";
		};
		B78A4D24EC4DD42C15221A6A /* Components */ = {
			isa = PBXGroup;
			children = (
				47BE1C9EB59A42E35267C8A4 /* ActivityChart.swift */,
				F03967B1DE7F120DA0E80009 /* ActivityHeatmapView.swift */,
				6C0B2EC65BB2A2B2D76A9BFC /* ActivityRingsCard.swift */,
				8E01C072C66A485762BAC5A3 /* BrainDietPanel.swift */,
				E4B0F8A38AFAB9049D081222 /* BrainOrb.swift */,
				A42F62308F8EC6615789E6A4 /* CountdownRing.swift */,
				A73E845D1BE786825396BF8C /* FaviconView.swift */,
				E99A34628404DFACDBB556C2 /* GradeDots.swift */,
				46A719D305320A1D2B22BA50 /* LinkCard.swift */,
				EA5C02AC5A4F31E6EE858712 /* ReaderWebView.swift */,
				CC480E509A335B23D95C2896 /* StreakHeader.swift */,
			);
			path = Components;
			sourceTree = "<group>";
		};
		B7B678AC34C133454B34C861 /* ViewModels */ = {
			isa = PBXGroup;
			children = (
				F6AF1AE1D1C4D873D7C71069 /* BrainViewModel.swift */,
				3BEAC72937607C4664F84FDA /* ReaderViewModel.swift */,
				1CDA3E54FDEF2BEF53809AB3 /* ReflectViewModel.swift */,
			);
			path = ViewModels;
			sourceTree = "<group>";
		};
		C16C350B918C133AD38DE5C6 /* App */ = {
			isa = PBXGroup;
			children = (
				5FB525487287C343A913E2DB /* AppRouter.swift */,
				369CC02046EDB9D512264A8B /* AppTheme.swift */,
				420304C73D3C2F1BA89FB9AE /* GradingProgressTracker.swift */,
				9D4D5D0A4506AEBE3AD5EE60 /* JustEllipsisApp.swift */,
				351C38A4FECDC4002E1EF444 /* PipelineProgressTracker.swift */,
			);
			path = App;
			sourceTree = "<group>";
		};
		D01443C8E42567BA7DFBEDC1 /* Shared */ = {
			isa = PBXGroup;
			children = (
				6DD402C01934293F01520002 /* PendingLinkStore.swift */,
			);
			path = Shared;
			sourceTree = "<group>";
		};
		D5FD1F14C7E7CDC97B936E02 /* JustEllipsisShareExtension */ = {
			isa = PBXGroup;
			children = (
				3DC7AB214F7101A8578E22F9 /* AddLinkIntent.swift */,
				2582F111A71090C5631859A3 /* Info.plist */,
				0BF00220CD317D19590E03E1 /* JustEllipsisShareExtension.entitlements */,
				AC763198DE4280198397A77F /* ShareFeedbackView.swift */,
				2D03466EC4C3263BF1837381 /* ShareViewController.swift */,
			);
			path = JustEllipsisShareExtension;
			sourceTree = "<group>";
		};
		E6F708091A2B3C4D5E6F7080 /* JustEllipsisMac */ = {
			isa = PBXGroup;
			children = (
				1A2B3C4D5E6F708091A2B3C4 /* JustEllipsisMacApp.swift */,
				0B5E711511B74964A9A35B18 /* LocalLinkServer.swift */,
				3C4D5E6F708091A2B3C4D5E6 /* Info.plist */,
				2B3C4D5E6F708091A2B3C4D5 /* JustEllipsisMac.entitlements */,
			);
			path = JustEllipsisMac;
			sourceTree = "<group>";
		};
		EDFB46DED7E1BEE4F3DDD295 /* Resources */ = {
			isa = PBXGroup;
			children = (
				DEB0F696771B8EDE0D4FC2B2 /* feeds.json */,
				EFA606DC043A9F40ABDA855B /* newsletters.json */,
			);
			path = Resources;
			sourceTree = "<group>";
		};
		F708091A2B3C4D5E6F708091 /* JustEllipsisSafariExtension */ = {
			isa = PBXGroup;
			children = (
				4D5E6F708091A2B3C4D5E6F7 /* SafariWebExtensionHandler.swift */,
				5E6F708091A2B3C4D5E6F708 /* CloudKitLinkWriter.swift */,
				708091A2B3C4D5E6F7080910 /* Info.plist */,
				6F708091A2B3C4D5E6F70809 /* JustEllipsisSafariExtension.entitlements */,
				C4D5E6F708091A2B3C4D5E6F /* Resources */,
			);
			path = JustEllipsisSafariExtension;
			sourceTree = "<group>";
		};
		FC428901B72727DBBE717F3C /* Extensions */ = {
			isa = PBXGroup;
			children = (
				15F2C68064C12A47B02C21E2 /* Date+RelativeShort.swift */,
			);
			path = Extensions;
			sourceTree = "<group>";
		};
/* End PBXGroup section */

/* Begin PBXNativeTarget section */
		0B22B2BD222A2112071A54FE /* JustEllipsis */ = {
			isa = PBXNativeTarget;
			buildConfigurationList = 28BC68D259D3D619261A3DF1 /* Build configuration list for PBXNativeTarget "JustEllipsis" */;
			buildPhases = (
				C06D0C176F670EDE6DF31E75 /* Sources */,
				2A511DD35CC01024EAD74BEC /* Resources */,
				C1E347FA44472AE63F164780 /* Frameworks */,
				F4536CCB4DB8274930CB72B8 /* Embed Foundation Extensions */,
			);
			buildRules = (
			);
			dependencies = (
				4C1D3B278476C3CCE6B81858 /* PBXTargetDependency */,
			);
			name = JustEllipsis;
			packageProductDependencies = (
				F70788F7020E27CA19E61A12 /* SwiftSoup */,
				92B21AB1AB3467409DA79854 /* FeedKit */,
			);
			productName = JustEllipsis;
			productReference = 35DB4FAAA6A760D8AF494E21 /* JustEllipsis.app */;
			productType = "com.apple.product-type.application";
		};
		16DBE1A265CA7C974E3E08D0 /* JustEllipsisShareExtension */ = {
			isa = PBXNativeTarget;
			buildConfigurationList = 7B7E04FF264847ECF35B1E28 /* Build configuration list for PBXNativeTarget "JustEllipsisShareExtension" */;
			buildPhases = (
				849D8157F9F1DDED542F1CD8 /* Sources */,
			);
			buildRules = (
			);
			dependencies = (
			);
			name = JustEllipsisShareExtension;
			packageProductDependencies = (
			);
			productName = JustEllipsisShareExtension;
			productReference = 75D8257CDF48B7EF4F56B2AD /* JustEllipsisShareExtension.appex */;
			productType = "com.apple.product-type.app-extension";
		};
		36799AF5621258DD12197858 /* JustEllipsisTests */ = {
			isa = PBXNativeTarget;
			buildConfigurationList = 5ED6FEEBFD6E443F5171B1EC /* Build configuration list for PBXNativeTarget "JustEllipsisTests" */;
			buildPhases = (
				E64E0B829C80ADE67E3370B2 /* Sources */,
			);
			buildRules = (
			);
			dependencies = (
				4882B9591A9B226D6CEB2116 /* PBXTargetDependency */,
			);
			name = JustEllipsisTests;
			packageProductDependencies = (
			);
			productName = JustEllipsisTests;
			productReference = 8E5AAEF7100A0AE7B33ED92B /* JustEllipsisTests.xctest */;
			productType = "com.apple.product-type.bundle.unit-test";
		};
		BCA5F1BA0F332D9A419B9EB5 /* JustEllipsisMac */ = {
			isa = PBXNativeTarget;
			buildConfigurationList = C1581B51143F6AFD0EE4BEFD /* Build configuration list for PBXNativeTarget "JustEllipsisMac" */;
			buildPhases = (
				F31D773526C29774C891874A /* Sources */,
				B3C4D5E6F708091A2B3C4D5E /* Frameworks */,
				ACE8D8BA6DAF88C5018FE011 /* Embed Safari Extension */,
			);
			buildRules = (
			);
			dependencies = (
				C9D35818BD2F1945D7CA5292 /* PBXTargetDependency */,
			);
			name = JustEllipsisMac;
			packageProductDependencies = (
			);
			productName = JustEllipsisMac;
			productReference = 890A67E832D1369C020F0BFF /* JustEllipsisMac.app */;
			productType = "com.apple.product-type.application";
		};
		D3EE85D07B7FF6B86B1F1F22 /* JustEllipsisSafariExtension */ = {
			isa = PBXNativeTarget;
			buildConfigurationList = 3BD618EAED11D47870AF9A94 /* Build configuration list for PBXNativeTarget "JustEllipsisSafariExtension" */;
			buildPhases = (
				279D10AC13FA74C928477663 /* Sources */,
				6ACB6BEE2242A15C7B7AE3BC /* Resources */,
				BB001122334455667788CC01 /* Copy Web Extension Resources */,
			);
			buildRules = (
			);
			dependencies = (
			);
			name = JustEllipsisSafariExtension;
			packageProductDependencies = (
			);
			productName = JustEllipsisSafariExtension;
			productReference = E8047D135DF521BF6F514C1C /* JustEllipsisSafariExtension.appex */;
			productType = "com.apple.product-type.app-extension";
		};
/* End PBXNativeTarget section */

/* Begin PBXProject section */
		719776280667C2E356BAA398 /* Project object */ = {
			isa = PBXProject;
			attributes = {
				BuildIndependentTargetsInParallel = YES;
				LastUpgradeCheck = 1430;
				TargetAttributes = {
					0B22B2BD222A2112071A54FE = {
						DevelopmentTeam = "";
					};
					16DBE1A265CA7C974E3E08D0 = {
						DevelopmentTeam = "";
					};
					36799AF5621258DD12197858 = {
						DevelopmentTeam = "";
					};
				};
			};
			buildConfigurationList = 8EF2A111D1A68DF3E4B64FE8 /* Build configuration list for PBXProject "JustEllipsis" */;
			developmentRegion = en;
			hasScannedForEncodings = 0;
			knownRegions = (
				Base,
				en,
			);
			mainGroup = 32B5DDD82C4818F2088B88D6;
			minimizedProjectReferenceProxies = 1;
			packageReferences = (
				C686AAE7BAFD68BCD2591597 /* XCRemoteSwiftPackageReference "FeedKit" */,
				8222FD94D8EAF8C1A1D1EDAA /* XCRemoteSwiftPackageReference "SwiftSoup" */,
			);
			preferredProjectObjectVersion = 77;
			productRefGroup = 09052ACB65A733352A46C93F /* Products */;
			projectDirPath = "";
			projectRoot = "";
			targets = (
				0B22B2BD222A2112071A54FE /* JustEllipsis */,
				16DBE1A265CA7C974E3E08D0 /* JustEllipsisShareExtension */,
				36799AF5621258DD12197858 /* JustEllipsisTests */,
				BCA5F1BA0F332D9A419B9EB5 /* JustEllipsisMac */,
				D3EE85D07B7FF6B86B1F1F22 /* JustEllipsisSafariExtension */,
			);
		};
/* End PBXProject section */

/* Begin PBXResourcesBuildPhase section */
		2A511DD35CC01024EAD74BEC /* Resources */ = {
			isa = PBXResourcesBuildPhase;
			buildActionMask = 2147483647;
			files = (
				5200F218FCDCDE23A0BFB0A5 /* Assets.xcassets in Resources */,
				D8DF3954E0CB01D122E87439 /* feeds.json in Resources */,
				29F8953C9E0FD4BFF3F6CD16 /* newsletters.json in Resources */,
			);
			runOnlyForDeploymentPostprocessing = 0;
		};
		6ACB6BEE2242A15C7B7AE3BC /* Resources */ = {
			isa = PBXResourcesBuildPhase;
			buildActionMask = 2147483647;
			files = (
			);
			runOnlyForDeploymentPostprocessing = 0;
		};
/* End PBXResourcesBuildPhase section */

/* Begin PBXSourcesBuildPhase section */
		279D10AC13FA74C928477663 /* Sources */ = {
			isa = PBXSourcesBuildPhase;
			buildActionMask = 2147483647;
			files = (
				91A2B3C4D5E6F708091A2B3C /* SafariWebExtensionHandler.swift in Sources */,
				A2B3C4D5E6F708091A2B3C4D /* CloudKitLinkWriter.swift in Sources */,
			);
			runOnlyForDeploymentPostprocessing = 0;
		};
		849D8157F9F1DDED542F1CD8 /* Sources */ = {
			isa = PBXSourcesBuildPhase;
			buildActionMask = 2147483647;
			files = (
				B89A122322A35304859319F6 /* AddLinkIntent.swift in Sources */,
				831B79B47E2B36ADC1588AE7 /* BrainEntry.swift in Sources */,
				1EF4B07C3A097A2542059DCA /* PendingLinkStore.swift in Sources */,
				D18D47D2806EA6F6B2EB83B7 /* QueuedLink.swift in Sources */,
				396883A5AA13673C085CC364 /* RSSFeed.swift in Sources */,
				1782A297D110963CC879CEF7 /* ReadingDay.swift in Sources */,
				C5E3510BA0839FE572FE05A4 /* ShareFeedbackView.swift in Sources */,
				864F3C0E8B0F3F5097EC15B4 /* ShareViewController.swift in Sources */,
			);
			runOnlyForDeploymentPostprocessing = 0;
		};
		C06D0C176F670EDE6DF31E75 /* Sources */ = {
			isa = PBXSourcesBuildPhase;
			buildActionMask = 2147483647;
			files = (
				6BE477B9B2D7D5CA9D0D6EFB /* ActivityChart.swift in Sources */,
				3ACEAFFF075978728EE7EB65 /* ActivityHeatmapView.swift in Sources */,
				2CF7EF3D506F406957F66652 /* ActivityRingsCard.swift in Sources */,
				949A68996476CD7276C0382C /* AddLinkView.swift in Sources */,
				821C353335D750223B46E2EB /* AddNewsletterSheet.swift in Sources */,
				2119EF3BB969328042B1E5D0 /* AdvancedSettingsView.swift in Sources */,
				AB60A86711520B76E110A37A /* AppRouter.swift in Sources */,
				B2F38D292704272C04A106AC /* AppTheme.swift in Sources */,
				F167F9B4C6EB23363E004A1A /* ArticleQualityGrade.swift in Sources */,
				E4C64FB18B12689A4A2873F7 /* BrainDietPanel.swift in Sources */,
				E2EB2EA9151BA6D2E9C5700B /* BrainEngine.swift in Sources */,
				B564A9798D0457D85A3D73AE /* BrainEntry.swift in Sources */,
				78CA24460077DABBF1C0A10A /* BrainOrb.swift in Sources */,
				1D290063695771738CCDABD9 /* BrainView.swift in Sources */,
				25AC66CE65822836CC940ED8 /* BrainViewModel.swift in Sources */,
				85E502CAF98B8EBE370D5E7B /* CloudSyncService.swift in Sources */,
				56DE24619050B42942363268 /* ContentFetcher.swift in Sources */,
				286F5A0E2A4A563D35F90F73 /* CountdownRing.swift in Sources */,
				DF47C19BEF474C1C7B732E11 /* Date+RelativeShort.swift in Sources */,
				0C8B04F60CFD5F9C87119FDC /* DigestView.swift in Sources */,
				CB82B521C89B60A2D64CF6E5 /* FaviconView.swift in Sources */,
				743293124B7106E74EA6C0BC /* FeedDetailView.swift in Sources */,
				C5758CD9E02EA13965072A09 /* FeedDirectoryView.swift in Sources */,
				B0045FAF553CEDA8423AA3B7 /* FeedURLNormaliser.swift in Sources */,
				24271D2A9FCFC50049035718 /* FeedsView.swift in Sources */,
				C57D850E136EA2F6017B58BB /* GradeDots.swift in Sources */,
				71E142A7D93F5DE88AF64BF2 /* GradingProgressTracker.swift in Sources */,
				14227B6AA8EE2CB4E66F9ED6 /* HealthKitService.swift in Sources */,
				854D7EA7959D1FE45A36171E /* HomeView.swift in Sources */,
				1A8F7B7E1F4EF583D9485183 /* IntelligenceService.swift in Sources */,
				630F914959F3D4838F912C44 /* JSRenderer.swift in Sources */,
				8E1BE92B94CA4B8994C63448 /* JustEllipsisApp.swift in Sources */,
				2344727D36DCEF1C39989C66 /* LinkCard.swift in Sources */,
				DC1C00786384C622E0CE99DD /* LinkPromotionActor.swift in Sources */,
				4C1A6B819ABEFFE115144AA6 /* MacLinkReceiver.swift in Sources */,
				4F23D3C312836C8F05217A06 /* NewsletterDirectoryView.swift in Sources */,
				6DAD153E9CF0CBA528E1C44D /* NightModeService.swift in Sources */,
				D5F69207DA6F30C45588E618 /* NotificationScheduler.swift in Sources */,
				9849593C087887E7D973C4C3 /* OnboardingView.swift in Sources */,
				942874AC49D2F0E3D0996F97 /* PendingLinkStore.swift in Sources */,
				CD21E42FF24671E4C93487BC /* PipelineProgressTracker.swift in Sources */,
				A2B143A00787D4144D1E41B7 /* PrefetchService.swift in Sources */,
				963D9D1916E2123D1DABC838 /* QueuedLink.swift in Sources */,
				4B13C26BA23068BA674FDD03 /* RSSArticle.swift in Sources */,
				7032B03292C0899EC0EAC305 /* RSSFeed.swift in Sources */,
				BA81D77627C4EC391E22F535 /* RSSFetchService.swift in Sources */,
				D4CB0E2F1FCAE03A82BA00AE /* RSSRecommendationEngine.swift in Sources */,
				1C448A5D24E0C4831874A024 /* ReaderTheme.swift in Sources */,
				ADEF75807293AFD73AACF68E /* ReaderView.swift in Sources */,
				71051F154C5F1E8E4C32F3A8 /* ReaderViewModel.swift in Sources */,
				D89468FBE0FFDD4EB0D92C67 /* ReaderWebView.swift in Sources */,
				7ED49FF7C07BFE3CB2929B46 /* ReadingDay.swift in Sources */,
				77F8A704F081AFC3671D2168 /* ReflectView.swift in Sources */,
				02D548CD6FBF8D61C9A919E4 /* ReflectViewModel.swift in Sources */,
				E5EE934B550AB6F6E15D6AE8 /* RereadView.swift in Sources */,
				0395E0DD27E8DDF39E9D392B /* RootView.swift in Sources */,
				7C28C1742A5A65634AE19449 /* SettingsView.swift in Sources */,
				3E92CF441373D20D1C8E3FDD /* StreakEngine.swift in Sources */,
				65711DC2473F1F82A0964326 /* StreakHeader.swift in Sources */,
				688CEC6AED164C8E57D6F3F7 /* WebFeedScraper.swift in Sources */,
			);
			runOnlyForDeploymentPostprocessing = 0;
		};
		E64E0B829C80ADE67E3370B2 /* Sources */ = {
			isa = PBXSourcesBuildPhase;
			buildActionMask = 2147483647;
			files = (
				A683565502BA61332A25F23B /* BrainEngineTests.swift in Sources */,
				6F55A95F2635E6E07C126DC7 /* ContentFetcherTests.swift in Sources */,
				21895490218BF022A57FC87C /* FeedURLNormaliserTests.swift in Sources */,
				CC99FBCD2E1EA422F4EC7E0D /* StreakEngineTests.swift in Sources */,
			);
			runOnlyForDeploymentPostprocessing = 0;
		};
		F31D773526C29774C891874A /* Sources */ = {
			isa = PBXSourcesBuildPhase;
			buildActionMask = 2147483647;
			files = (
				8091A2B3C4D5E6F708091A2B /* JustEllipsisMacApp.swift in Sources */,
				B6CF72D9BDD745ADA40632A4 /* LocalLinkServer.swift in Sources */,
				48394EBD12614ECDB4958E26 /* CloudKitLinkWriter.swift in Sources (Mac) */,
			);
			runOnlyForDeploymentPostprocessing = 0;
		};
/* End PBXSourcesBuildPhase section */

/* Begin PBXTargetDependency section */
		4882B9591A9B226D6CEB2116 /* PBXTargetDependency */ = {
			isa = PBXTargetDependency;
			target = 0B22B2BD222A2112071A54FE /* JustEllipsis */;
			targetProxy = 3863781D27C4D8A4B12F40F5 /* PBXContainerItemProxy */;
		};
		4C1D3B278476C3CCE6B81858 /* PBXTargetDependency */ = {
			isa = PBXTargetDependency;
			target = 16DBE1A265CA7C974E3E08D0 /* JustEllipsisShareExtension */;
			targetProxy = 922AEE6E56E4DAB54517A517 /* PBXContainerItemProxy */;
		};
		C9D35818BD2F1945D7CA5292 /* PBXTargetDependency */ = {
			isa = PBXTargetDependency;
			target = D3EE85D07B7FF6B86B1F1F22 /* JustEllipsisSafariExtension */;
			targetProxy = 0E44B30CBFA231D372F8AD75 /* PBXContainerItemProxy */;
		};
/* End PBXTargetDependency section */

/* Begin PBXShellScriptBuildPhase section */
		BB001122334455667788CC01 /* Copy Web Extension Resources */ = {
			isa = PBXShellScriptBuildPhase;
			buildActionMask = 2147483647;
			files = (
			);
			inputFileListPaths = (
			);
			inputPaths = (
			);
			name = "Copy Web Extension Resources";
			outputFileListPaths = (
			);
			outputPaths = (
			);
			alwaysOutOfDate = 1;
			runOnlyForDeploymentPostprocessing = 0;
			shellPath = /bin/sh;
			shellScript = "cp -r \"${SRCROOT}/JustEllipsisSafariExtension/Resources/.\" \"${TARGET_BUILD_DIR}/${UNLOCALIZED_RESOURCES_FOLDER_PATH}/\"\n";
		};
/* End PBXShellScriptBuildPhase section */

/* Begin XCBuildConfiguration section */
		41F2237914769AF6B7B51893 /* Debug */ = {
			isa = XCBuildConfiguration;
			buildSettings = {
				ASSETCATALOG_COMPILER_APPICON_NAME = AppIcon;
				ASSETCATALOG_COMPILER_GLOBAL_ACCENT_COLOR_NAME = AccentColor;
				CODE_SIGN_ENTITLEMENTS = JustEllipsis/JustEllipsis.entitlements;
				CODE_SIGN_IDENTITY = "iPhone Developer";
				CURRENT_PROJECT_VERSION = 1;
				INFOPLIST_FILE = JustEllipsis/Info.plist;
				IPHONEOS_DEPLOYMENT_TARGET = 17.0;
				LD_RUNPATH_SEARCH_PATHS = (
					"$(inherited)",
					"@executable_path/Frameworks",
				);
				MARKETING_VERSION = 1.0;
				PRODUCT_BUNDLE_IDENTIFIER = com.rylandean.justellipsis;
				SDKROOT = iphoneos;
				TARGETED_DEVICE_FAMILY = "1,2";
			};
			name = Debug;
		};
		52921418960A3A98C4F1F9E3 /* Release */ = {
			isa = XCBuildConfiguration;
			buildSettings = {
				BUNDLE_LOADER = "$(TEST_HOST)";
				INFOPLIST_FILE = JustEllipsisTests/Info.plist;
				IPHONEOS_DEPLOYMENT_TARGET = 17.0;
				LD_RUNPATH_SEARCH_PATHS = (
					"$(inherited)",
					"@executable_path/Frameworks",
					"@loader_path/Frameworks",
				);
				PRODUCT_BUNDLE_IDENTIFIER = com.rylandean.justellipsistests;
				SDKROOT = iphoneos;
				TARGETED_DEVICE_FAMILY = "1,2";
				TEST_HOST = "$(BUILT_PRODUCTS_DIR)/JustEllipsis.app/JustEllipsis";
			};
			name = Release;
		};
		54856E8C500BBB362E41276D /* Debug */ = {
			isa = XCBuildConfiguration;
			buildSettings = {
				ALWAYS_SEARCH_USER_PATHS = NO;
				CLANG_ANALYZER_NONNULL = YES;
				CLANG_ANALYZER_NUMBER_OBJECT_CONVERSION = YES_AGGRESSIVE;
				CLANG_CXX_LANGUAGE_STANDARD = "gnu++14";
				CLANG_CXX_LIBRARY = "libc++";
				CLANG_ENABLE_MODULES = YES;
				CLANG_ENABLE_OBJC_ARC = YES;
				CLANG_ENABLE_OBJC_WEAK = YES;
				CLANG_WARN_BLOCK_CAPTURE_AUTORELEASING = YES;
				CLANG_WARN_BOOL_CONVERSION = YES;
				CLANG_WARN_COMMA = YES;
				CLANG_WARN_CONSTANT_CONVERSION = YES;
				CLANG_WARN_DEPRECATED_OBJC_IMPLEMENTATIONS = YES;
				CLANG_WARN_DIRECT_OBJC_ISA_USAGE = YES_ERROR;
				CLANG_WARN_DOCUMENTATION_COMMENTS = YES;
				CLANG_WARN_EMPTY_BODY = YES;
				CLANG_WARN_ENUM_CONVERSION = YES;
				CLANG_WARN_INFINITE_RECURSION = YES;
				CLANG_WARN_INT_CONVERSION = YES;
				CLANG_WARN_NON_LITERAL_NULL_CONVERSION = YES;
				CLANG_WARN_OBJC_IMPLICIT_RETAIN_SELF = YES;
				CLANG_WARN_OBJC_LITERAL_CONVERSION = YES;
				CLANG_WARN_OBJC_ROOT_CLASS = YES_ERROR;
				CLANG_WARN_QUOTED_INCLUDE_IN_FRAMEWORK_HEADER = YES;
				CLANG_WARN_RANGE_LOOP_ANALYSIS = YES;
				CLANG_WARN_STRICT_PROTOTYPES = YES;
				CLANG_WARN_SUSPICIOUS_MOVE = YES;
				CLANG_WARN_UNGUARDED_AVAILABILITY = YES_AGGRESSIVE;
				CLANG_WARN_UNREACHABLE_CODE = YES;
				CLANG_WARN__DUPLICATE_METHOD_MATCH = YES;
				COPY_PHASE_STRIP = NO;
				DEBUG_INFORMATION_FORMAT = dwarf;
				DEVELOPMENT_TEAM = "";
				ENABLE_STRICT_OBJC_MSGSEND = YES;
				ENABLE_TESTABILITY = YES;
				GCC_C_LANGUAGE_STANDARD = gnu11;
				GCC_DYNAMIC_NO_PIC = NO;
				GCC_NO_COMMON_BLOCKS = YES;
				GCC_OPTIMIZATION_LEVEL = 0;
				GCC_PREPROCESSOR_DEFINITIONS = (
					"$(inherited)",
					"DEBUG=1",
				);
				GCC_WARN_64_TO_32_BIT_CONVERSION = YES;
				GCC_WARN_ABOUT_RETURN_TYPE = YES_ERROR;
				GCC_WARN_UNDECLARED_SELECTOR = YES;
				GCC_WARN_UNINITIALIZED_AUTOS = YES_AGGRESSIVE;
				GCC_WARN_UNUSED_FUNCTION = YES;
				GCC_WARN_UNUSED_VARIABLE = YES;
				IPHONEOS_DEPLOYMENT_TARGET = 17.0;
				MTL_ENABLE_DEBUG_INFO = INCLUDE_SOURCE;
				MTL_FAST_MATH = YES;
				ONLY_ACTIVE_ARCH = YES;
				PRODUCT_NAME = "$(TARGET_NAME)";
				SDKROOT = iphoneos;
				SWIFT_ACTIVE_COMPILATION_CONDITIONS = DEBUG;
				SWIFT_OPTIMIZATION_LEVEL = "-Onone";
				SWIFT_VERSION = 6.0;
			};
			name = Debug;
		};
		5E026F75C5EFD2AD266C1A7B /* Debug */ = {
			isa = XCBuildConfiguration;
			buildSettings = {
				CODE_SIGN_ENTITLEMENTS = JustEllipsisShareExtension/JustEllipsisShareExtension.entitlements;
				CURRENT_PROJECT_VERSION = 1;
				INFOPLIST_FILE = JustEllipsisShareExtension/Info.plist;
				IPHONEOS_DEPLOYMENT_TARGET = 17.0;
				LD_RUNPATH_SEARCH_PATHS = (
					"$(inherited)",
					"@executable_path/Frameworks",
					"@executable_path/../../Frameworks",
				);
				MARKETING_VERSION = 1.0;
				PRODUCT_BUNDLE_IDENTIFIER = com.rylandean.justellipsis.shareextension;
				SDKROOT = iphoneos;
				TARGETED_DEVICE_FAMILY = "1,2";
			};
			name = Debug;
		};
		6466C756602AB6D418157CA9 /* Release */ = {
			isa = XCBuildConfiguration;
			buildSettings = {
				ASSETCATALOG_COMPILER_APPICON_NAME = AppIcon;
				ASSETCATALOG_COMPILER_GLOBAL_ACCENT_COLOR_NAME = AccentColor;
				CODE_SIGN_ENTITLEMENTS = JustEllipsis/JustEllipsis.entitlements;
				CODE_SIGN_IDENTITY = "iPhone Developer";
				CURRENT_PROJECT_VERSION = 1;
				INFOPLIST_FILE = JustEllipsis/Info.plist;
				IPHONEOS_DEPLOYMENT_TARGET = 17.0;
				LD_RUNPATH_SEARCH_PATHS = (
					"$(inherited)",
					"@executable_path/Frameworks",
				);
				MARKETING_VERSION = 1.0;
				PRODUCT_BUNDLE_IDENTIFIER = com.rylandean.justellipsis;
				SDKROOT = iphoneos;
				TARGETED_DEVICE_FAMILY = "1,2";
			};
			name = Release;
		};
		8A55B08FED2041FF55BD43F8 /* Release */ = {
			isa = XCBuildConfiguration;
			buildSettings = {
				CODE_SIGN_ENTITLEMENTS = JustEllipsisShareExtension/JustEllipsisShareExtension.entitlements;
				CURRENT_PROJECT_VERSION = 1;
				INFOPLIST_FILE = JustEllipsisShareExtension/Info.plist;
				IPHONEOS_DEPLOYMENT_TARGET = 17.0;
				LD_RUNPATH_SEARCH_PATHS = (
					"$(inherited)",
					"@executable_path/Frameworks",
					"@executable_path/../../Frameworks",
				);
				MARKETING_VERSION = 1.0;
				PRODUCT_BUNDLE_IDENTIFIER = com.rylandean.justellipsis.shareextension;
				SDKROOT = iphoneos;
				TARGETED_DEVICE_FAMILY = "1,2";
			};
			name = Release;
		};
		AA001122334455667788BB01 /* Debug */ = {
			isa = XCBuildConfiguration;
			buildSettings = {
				CODE_SIGN_ENTITLEMENTS = JustEllipsisMac/JustEllipsisMac.entitlements;
				CODE_SIGN_IDENTITY = "Apple Development";
				CODE_SIGN_STYLE = Automatic;
				COMBINE_HIDPI_IMAGES = YES;
				CURRENT_PROJECT_VERSION = 1;
				DEVELOPMENT_TEAM = 6SD6D59K29;
				INFOPLIST_FILE = JustEllipsisMac/Info.plist;
				LD_RUNPATH_SEARCH_PATHS = (
					"$(inherited)",
					"@executable_path/../Frameworks",
				);
				MACOSX_DEPLOYMENT_TARGET = 13.0;
				MARKETING_VERSION = 1.0;
				PRODUCT_BUNDLE_IDENTIFIER = com.rylandean.justellipsis.mac;
				PROVISIONING_PROFILE_SPECIFIER = "";
				SDKROOT = macosx;
				SWIFT_VERSION = 6.0;
			};
			name = Debug;
		};
		AA001122334455667788BB02 /* Release */ = {
			isa = XCBuildConfiguration;
			buildSettings = {
				CODE_SIGN_ENTITLEMENTS = JustEllipsisMac/JustEllipsisMac.entitlements;
				CODE_SIGN_IDENTITY = "Apple Development";
				CODE_SIGN_STYLE = Automatic;
				COMBINE_HIDPI_IMAGES = YES;
				CURRENT_PROJECT_VERSION = 1;
				DEVELOPMENT_TEAM = 6SD6D59K29;
				INFOPLIST_FILE = JustEllipsisMac/Info.plist;
				LD_RUNPATH_SEARCH_PATHS = (
					"$(inherited)",
					"@executable_path/../Frameworks",
				);
				MACOSX_DEPLOYMENT_TARGET = 13.0;
				MARKETING_VERSION = 1.0;
				PRODUCT_BUNDLE_IDENTIFIER = com.rylandean.justellipsis.mac;
				PROVISIONING_PROFILE_SPECIFIER = "";
				SDKROOT = macosx;
				SWIFT_VERSION = 6.0;
			};
			name = Release;
		};
		AA001122334455667788BB03 /* Debug */ = {
			isa = XCBuildConfiguration;
			buildSettings = {
				CODE_SIGN_ENTITLEMENTS = JustEllipsisSafariExtension/JustEllipsisSafariExtension.entitlements;
				CODE_SIGN_IDENTITY = "Apple Development";
				CODE_SIGN_STYLE = Automatic;
				CURRENT_PROJECT_VERSION = 1;
				DEVELOPMENT_TEAM = 6SD6D59K29;
				INFOPLIST_FILE = JustEllipsisSafariExtension/Info.plist;
				LD_RUNPATH_SEARCH_PATHS = (
					"$(inherited)",
					"@executable_path/Frameworks",
					"@executable_path/../../Frameworks",
				);
				MACOSX_DEPLOYMENT_TARGET = 13.0;
				MARKETING_VERSION = 1.0;
				PRODUCT_BUNDLE_IDENTIFIER = "com.rylandean.justellipsis.mac.safari-extension";
				PROVISIONING_PROFILE_SPECIFIER = "";
				SDKROOT = macosx;
				SKIP_INSTALL = YES;
				SWIFT_VERSION = 6.0;
			};
			name = Debug;
		};
		AA001122334455667788BB04 /* Release */ = {
			isa = XCBuildConfiguration;
			buildSettings = {
				CODE_SIGN_ENTITLEMENTS = JustEllipsisSafariExtension/JustEllipsisSafariExtension.entitlements;
				CODE_SIGN_IDENTITY = "Apple Development";
				CODE_SIGN_STYLE = Automatic;
				CURRENT_PROJECT_VERSION = 1;
				DEVELOPMENT_TEAM = 6SD6D59K29;
				INFOPLIST_FILE = JustEllipsisSafariExtension/Info.plist;
				LD_RUNPATH_SEARCH_PATHS = (
					"$(inherited)",
					"@executable_path/Frameworks",
					"@executable_path/../../Frameworks",
				);
				MACOSX_DEPLOYMENT_TARGET = 13.0;
				MARKETING_VERSION = 1.0;
				PRODUCT_BUNDLE_IDENTIFIER = "com.rylandean.justellipsis.mac.safari-extension";
				PROVISIONING_PROFILE_SPECIFIER = "";
				SDKROOT = macosx;
				SKIP_INSTALL = YES;
				SWIFT_VERSION = 6.0;
			};
			name = Release;
		};
		B6C6CD9D8865BDA4BE804DE1 /* Debug */ = {
			isa = XCBuildConfiguration;
			buildSettings = {
				BUNDLE_LOADER = "$(TEST_HOST)";
				INFOPLIST_FILE = JustEllipsisTests/Info.plist;
				IPHONEOS_DEPLOYMENT_TARGET = 17.0;
				LD_RUNPATH_SEARCH_PATHS = (
					"$(inherited)",
					"@executable_path/Frameworks",
					"@loader_path/Frameworks",
				);
				PRODUCT_BUNDLE_IDENTIFIER = com.rylandean.justellipsistests;
				SDKROOT = iphoneos;
				TARGETED_DEVICE_FAMILY = "1,2";
				TEST_HOST = "$(BUILT_PRODUCTS_DIR)/JustEllipsis.app/JustEllipsis";
			};
			name = Debug;
		};
		DC71C658670690E0FE0E3DE5 /* Release */ = {
			isa = XCBuildConfiguration;
			buildSettings = {
				ALWAYS_SEARCH_USER_PATHS = NO;
				CLANG_ANALYZER_NONNULL = YES;
				CLANG_ANALYZER_NUMBER_OBJECT_CONVERSION = YES_AGGRESSIVE;
				CLANG_CXX_LANGUAGE_STANDARD = "gnu++14";
				CLANG_CXX_LIBRARY = "libc++";
				CLANG_ENABLE_MODULES = YES;
				CLANG_ENABLE_OBJC_ARC = YES;
				CLANG_ENABLE_OBJC_WEAK = YES;
				CLANG_WARN_BLOCK_CAPTURE_AUTORELEASING = YES;
				CLANG_WARN_BOOL_CONVERSION = YES;
				CLANG_WARN_COMMA = YES;
				CLANG_WARN_CONSTANT_CONVERSION = YES;
				CLANG_WARN_DEPRECATED_OBJC_IMPLEMENTATIONS = YES;
				CLANG_WARN_DIRECT_OBJC_ISA_USAGE = YES_ERROR;
				CLANG_WARN_DOCUMENTATION_COMMENTS = YES;
				CLANG_WARN_EMPTY_BODY = YES;
				CLANG_WARN_ENUM_CONVERSION = YES;
				CLANG_WARN_INFINITE_RECURSION = YES;
				CLANG_WARN_INT_CONVERSION = YES;
				CLANG_WARN_NON_LITERAL_NULL_CONVERSION = YES;
				CLANG_WARN_OBJC_IMPLICIT_RETAIN_SELF = YES;
				CLANG_WARN_OBJC_LITERAL_CONVERSION = YES;
				CLANG_WARN_OBJC_ROOT_CLASS = YES_ERROR;
				CLANG_WARN_QUOTED_INCLUDE_IN_FRAMEWORK_HEADER = YES;
				CLANG_WARN_RANGE_LOOP_ANALYSIS = YES;
				CLANG_WARN_STRICT_PROTOTYPES = YES;
				CLANG_WARN_SUSPICIOUS_MOVE = YES;
				CLANG_WARN_UNGUARDED_AVAILABILITY = YES_AGGRESSIVE;
				CLANG_WARN_UNREACHABLE_CODE = YES;
				CLANG_WARN__DUPLICATE_METHOD_MATCH = YES;
				COPY_PHASE_STRIP = NO;
				DEBUG_INFORMATION_FORMAT = "dwarf-with-dsym";
				DEVELOPMENT_TEAM = "";
				ENABLE_NS_ASSERTIONS = NO;
				ENABLE_STRICT_OBJC_MSGSEND = YES;
				GCC_C_LANGUAGE_STANDARD = gnu11;
				GCC_NO_COMMON_BLOCKS = YES;
				GCC_WARN_64_TO_32_BIT_CONVERSION = YES;
				GCC_WARN_ABOUT_RETURN_TYPE = YES_ERROR;
				GCC_WARN_UNDECLARED_SELECTOR = YES;
				GCC_WARN_UNINITIALIZED_AUTOS = YES_AGGRESSIVE;
				GCC_WARN_UNUSED_FUNCTION = YES;
				GCC_WARN_UNUSED_VARIABLE = YES;
				IPHONEOS_DEPLOYMENT_TARGET = 17.0;
				MTL_ENABLE_DEBUG_INFO = NO;
				MTL_FAST_MATH = YES;
				PRODUCT_NAME = "$(TARGET_NAME)";
				SDKROOT = iphoneos;
				SWIFT_COMPILATION_MODE = wholemodule;
				SWIFT_OPTIMIZATION_LEVEL = "-O";
				SWIFT_VERSION = 6.0;
			};
			name = Release;
		};
/* End XCBuildConfiguration section */

/* Begin XCConfigurationList section */
		28BC68D259D3D619261A3DF1 /* Build configuration list for PBXNativeTarget "JustEllipsis" */ = {
			isa = XCConfigurationList;
			buildConfigurations = (
				41F2237914769AF6B7B51893 /* Debug */,
				6466C756602AB6D418157CA9 /* Release */,
			);
			defaultConfigurationIsVisible = 0;
			defaultConfigurationName = Debug;
		};
		3BD618EAED11D47870AF9A94 /* Build configuration list for PBXNativeTarget "JustEllipsisSafariExtension" */ = {
			isa = XCConfigurationList;
			buildConfigurations = (
				AA001122334455667788BB03 /* Debug */,
				AA001122334455667788BB04 /* Release */,
			);
			defaultConfigurationIsVisible = 0;
			defaultConfigurationName = Debug;
		};
		5ED6FEEBFD6E443F5171B1EC /* Build configuration list for PBXNativeTarget "JustEllipsisTests" */ = {
			isa = XCConfigurationList;
			buildConfigurations = (
				B6C6CD9D8865BDA4BE804DE1 /* Debug */,
				52921418960A3A98C4F1F9E3 /* Release */,
			);
			defaultConfigurationIsVisible = 0;
			defaultConfigurationName = Debug;
		};
		7B7E04FF264847ECF35B1E28 /* Build configuration list for PBXNativeTarget "JustEllipsisShareExtension" */ = {
			isa = XCConfigurationList;
			buildConfigurations = (
				5E026F75C5EFD2AD266C1A7B /* Debug */,
				8A55B08FED2041FF55BD43F8 /* Release */,
			);
			defaultConfigurationIsVisible = 0;
			defaultConfigurationName = Debug;
		};
		8EF2A111D1A68DF3E4B64FE8 /* Build configuration list for PBXProject "JustEllipsis" */ = {
			isa = XCConfigurationList;
			buildConfigurations = (
				54856E8C500BBB362E41276D /* Debug */,
				DC71C658670690E0FE0E3DE5 /* Release */,
			);
			defaultConfigurationIsVisible = 0;
			defaultConfigurationName = Debug;
		};
		C1581B51143F6AFD0EE4BEFD /* Build configuration list for PBXNativeTarget "JustEllipsisMac" */ = {
			isa = XCConfigurationList;
			buildConfigurations = (
				AA001122334455667788BB01 /* Debug */,
				AA001122334455667788BB02 /* Release */,
			);
			defaultConfigurationIsVisible = 0;
			defaultConfigurationName = Debug;
		};
/* End XCConfigurationList section */

/* Begin XCRemoteSwiftPackageReference section */
		8222FD94D8EAF8C1A1D1EDAA /* XCRemoteSwiftPackageReference "SwiftSoup" */ = {
			isa = XCRemoteSwiftPackageReference;
			repositoryURL = "https://github.com/scinfu/SwiftSoup";
			requirement = {
				kind = upToNextMajorVersion;
				minimumVersion = 2.7.0;
			};
		};
		C686AAE7BAFD68BCD2591597 /* XCRemoteSwiftPackageReference "FeedKit" */ = {
			isa = XCRemoteSwiftPackageReference;
			repositoryURL = "https://github.com/nmdias/FeedKit";
			requirement = {
				kind = upToNextMajorVersion;
				minimumVersion = 9.1.2;
			};
		};
/* End XCRemoteSwiftPackageReference section */

/* Begin XCSwiftPackageProductDependency section */
		92B21AB1AB3467409DA79854 /* FeedKit */ = {
			isa = XCSwiftPackageProductDependency;
			package = C686AAE7BAFD68BCD2591597 /* XCRemoteSwiftPackageReference "FeedKit" */;
			productName = FeedKit;
		};
		F70788F7020E27CA19E61A12 /* SwiftSoup */ = {
			isa = XCSwiftPackageProductDependency;
			package = 8222FD94D8EAF8C1A1D1EDAA /* XCRemoteSwiftPackageReference "SwiftSoup" */;
			productName = SwiftSoup;
		};
/* End XCSwiftPackageProductDependency section */
	};
	rootObject = 719776280667C2E356BAA398 /* Project object */;
}
